{
    "_meta": {
        "hash": {
            "sha256": "55f81f63ef3f965f5d27602147dae083e22c4d0fe7212c287ed24ab0aed2777a"
        },
        "pipfile-spec": 6,
        "requires": {
            "python_version": "3.9"
        },
        "sources": [
            {
                "name": "pypi",
                "url": "https://pypi.org/simple",
                "verify_ssl": true
            }
        ]
    },
    "default": {
        "cachetools": {
            "hashes": [
                "sha256:6a94c6402995a99c3970cc7e4884bb60b4a8639938157eeed436098bf9831757",
                "sha256:f9f17d2aec496a9aa6b76f53e3b614c965223c061982d434d160f930c698a9db"
            ],
            "markers": "python_version ~= '3.7'",
            "version": "==5.2.0"
        },
        "carbon-black-cloud-sdk": {
            "hashes": [
                "sha256:043f15b237111ab2b9f07f7b64def59a4ab1b4a7040d0b75822febdf81b6de30",
                "sha256:e678f907df4c484dbb366ced09df05f36c6885ced9e4a9b66413525edd6a3388"
            ],
            "index": "pypi",
            "version": "==1.3.0"
        },
        "cbapi": {
            "hashes": [
                "sha256:aa9406cff5a69079ad1939e2f5776f7330a2c441d5812f9d6e6f5cb2a6176171",
                "sha256:b52ca554f8bfa8fd711f648fd8dd4369cff69cbd1628078cd9a92124ef411528"
            ],
            "index": "pypi",
            "version": "==1.7.9"
        },
        "certifi": {
            "hashes": [
                "sha256:35824b4c3a97115964b408844d64aa14db1cc518f6562e8d7261699d1350a9e3",
                "sha256:4ad3232f5e926d6718ec31cfc1fcadfde020920e278684144551c91769c7bc18"
            ],
            "index": "pypi",
            "version": "==2022.12.7"
        },
        "charset-normalizer": {
            "hashes": [
                "sha256:5a3d016c7c547f69d6f81fb0db9449ce888b418b5b9952cc5e6e66843e9dd845",
                "sha256:83e9a75d1911279afd89352c68b45348559d1fc0506b054b346651b5e7fee29f"
            ],
            "markers": "python_version >= '3.6'",
            "version": "==2.1.1"
        },
        "decorator": {
            "hashes": [
                "sha256:637996211036b6385ef91435e4fae22989472f9d571faba8927ba8253acbc330",
                "sha256:b8c3f85900b9dc423225913c5aace94729fe1fa9763b38939a95226f02d37186"
            ],
            "markers": "python_version >= '3.5'",
            "version": "==5.1.1"
        },
        "idna": {
            "hashes": [
                "sha256:814f528e8dead7d329833b91c5faa87d60bf71824cd12a7530b5526063d02cb4",
                "sha256:90b77e79eaa3eba6de819a0c442c0b4ceefc341a7a2ab77d7562bf49f425c5c2"
            ],
            "markers": "python_version >= '3.5'",
            "version": "==3.4"
        },
        "pika": {
            "hashes": [
                "sha256:89f5e606646caebe3c00cbdbc4c2c609834adde45d7507311807b5775edac8e0",
                "sha256:beb19ff6dd1547f99a29acc2c6987ebb2ba7c44bf44a3f8e305877c5ef7d2fdc"
            ],
            "markers": "python_version >= '3.4'",
            "version": "==1.3.1"
        },
        "prompt-toolkit": {
            "hashes": [
                "sha256:3e163f254bef5a03b146397d7c1963bd3e2812f0964bb9a24e6ec761fd28db63",
                "sha256:aa64ad242a462c5ff0363a7b9cfe696c20d55d9fc60c11fd8e632d064804d305"
            ],
            "markers": "python_full_version >= '3.6.2'",
            "version": "==3.0.36"
        },
        "protobuf": {
            "hashes": [
                "sha256:25266bf373ee06d5d66f9eb1ec9d434b243dccce5c32faf151054cfa6f9dcbf1",
                "sha256:260e346927fd4e6fbb49ab545137b19610c24a1d853dc5f29ddf777ab1987211",
                "sha256:2c6a4d13732d9b094db31b3841986c38b17ac61a3fe05ee26a779d94c4c3fb43",
                "sha256:4922e3320ed70e81f05060822da36923d09fd9e04e17f411f2d8d8d0070f9f5c",
                "sha256:4b75c947289a2e9c1f37d21c593f1ef6fb4fed33977dfb2ac84f799eb29a8ff4",
                "sha256:4d01ef83517c181d60ea1c6d0b2f644be250ade740d6554a2f5a021b1ad622e3",
                "sha256:553e35c0878f6855e55f01a14561e6bce6df79b6636a5acf83b9d9ac7eab7922",
                "sha256:85ccb4753ee21de7dc81a7a68a051f25dbe133ffa01a639ac998427d0b223387",
                "sha256:a5a14b907a191319e7a58b38c583bbf50deb21e002f723a912c5e4f6969a778e",
                "sha256:a944dc9550baae276afc7dc8193191d4c2ad660270a1e5ed5a71539817ebe2e2",
                "sha256:bab4b21a986ded225b9392c07ce21c35d790951f51e1ebfd32e4d443b05c3726",
                "sha256:c3b9e329b4c247dc3ba5c50f60915a84e08278eb6d9e3fa674d0d04ff816bfd7",
                "sha256:d91a47c77b33580024b0271b65bb820c4e0264c25eb49151ad01e691de8fa0b6",
                "sha256:efb16b16fd3eef25357f84d516062753014b76279ce4e0ec4880badd2fba7370"
            ],
            "markers": "python_version >= '3.7'",
            "version": "==4.21.11"
        },
        "pygments": {
            "hashes": [
                "sha256:56a8508ae95f98e2b9bdf93a6be5ae3f7d8af858b43e02c5a2ff083726be40c1",
                "sha256:f643f331ab57ba3c9d89212ee4a2dabc6e94f117cf4eefde99a0574720d14c42"
            ],
            "markers": "python_version >= '3.6'",
            "version": "==2.13.0"
        },
        "python-dateutil": {
            "hashes": [
                "sha256:0123cacc1627ae19ddf3c27a5de5bd67ee4586fbdd6440d9748f8abb483d3e86",
                "sha256:961d03dc3453ebbc59dbdea9e4e11c5651520a876d0f4db161e8674aae935da9"
            ],
            "markers": "python_version >= '2.7' and python_version not in '3.0, 3.1, 3.2, 3.3'",
            "version": "==2.8.2"
        },
        "pyyaml": {
            "hashes": [
                "sha256:01b45c0191e6d66c470b6cf1b9531a771a83c1c4208272ead47a3ae4f2f603bf",
                "sha256:0283c35a6a9fbf047493e3a0ce8d79ef5030852c51e9d911a27badfde0605293",
                "sha256:055d937d65826939cb044fc8c9b08889e8c743fdc6a32b33e2390f66013e449b",
                "sha256:07751360502caac1c067a8132d150cf3d61339af5691fe9e87803040dbc5db57",
                "sha256:0b4624f379dab24d3725ffde76559cff63d9ec94e1736b556dacdfebe5ab6d4b",
                "sha256:0ce82d761c532fe4ec3f87fc45688bdd3a4c1dc5e0b4a19814b9009a29baefd4",
                "sha256:1e4747bc279b4f613a09eb64bba2ba602d8a6664c6ce6396a4d0cd413a50ce07",
                "sha256:213c60cd50106436cc818accf5baa1aba61c0189ff610f64f4a3e8c6726218ba",
                "sha256:231710d57adfd809ef5d34183b8ed1eeae3f76459c18fb4a0b373ad56bedcdd9",
                "sha256:277a0ef2981ca40581a47093e9e2d13b3f1fbbeffae064c1d21bfceba2030287",
                "sha256:2cd5df3de48857ed0544b34e2d40e9fac445930039f3cfe4bcc592a1f836d513",
                "sha256:40527857252b61eacd1d9af500c3337ba8deb8fc298940291486c465c8b46ec0",
                "sha256:432557aa2c09802be39460360ddffd48156e30721f5e8d917f01d31694216782",
                "sha256:473f9edb243cb1935ab5a084eb238d842fb8f404ed2193a915d1784b5a6b5fc0",
                "sha256:48c346915c114f5fdb3ead70312bd042a953a8ce5c7106d5bfb1a5254e47da92",
                "sha256:50602afada6d6cbfad699b0c7bb50d5ccffa7e46a3d738092afddc1f9758427f",
                "sha256:68fb519c14306fec9720a2a5b45bc9f0c8d1b9c72adf45c37baedfcd949c35a2",
                "sha256:77f396e6ef4c73fdc33a9157446466f1cff553d979bd00ecb64385760c6babdc",
                "sha256:81957921f441d50af23654aa6c5e5eaf9b06aba7f0a19c18a538dc7ef291c5a1",
                "sha256:819b3830a1543db06c4d4b865e70ded25be52a2e0631ccd2f6a47a2822f2fd7c",
                "sha256:897b80890765f037df3403d22bab41627ca8811ae55e9a722fd0392850ec4d86",
                "sha256:98c4d36e99714e55cfbaaee6dd5badbc9a1ec339ebfc3b1f52e293aee6bb71a4",
                "sha256:9df7ed3b3d2e0ecfe09e14741b857df43adb5a3ddadc919a2d94fbdf78fea53c",
                "sha256:9fa600030013c4de8165339db93d182b9431076eb98eb40ee068700c9c813e34",
                "sha256:a80a78046a72361de73f8f395f1f1e49f956c6be882eed58505a15f3e430962b",
                "sha256:afa17f5bc4d1b10afd4466fd3a44dc0e245382deca5b3c353d8b757f9e3ecb8d",
                "sha256:b3d267842bf12586ba6c734f89d1f5b871df0273157918b0ccefa29deb05c21c",
                "sha256:b5b9eccad747aabaaffbc6064800670f0c297e52c12754eb1d976c57e4f74dcb",
                "sha256:bfaef573a63ba8923503d27530362590ff4f576c626d86a9fed95822a8255fd7",
                "sha256:c5687b8d43cf58545ade1fe3e055f70eac7a5a1a0bf42824308d868289a95737",
                "sha256:cba8c411ef271aa037d7357a2bc8f9ee8b58b9965831d9e51baf703280dc73d3",
                "sha256:d15a181d1ecd0d4270dc32edb46f7cb7733c7c508857278d3d378d14d606db2d",
                "sha256:d4b0ba9512519522b118090257be113b9468d804b19d63c71dbcf4a48fa32358",
                "sha256:d4db7c7aef085872ef65a8fd7d6d09a14ae91f691dec3e87ee5ee0539d516f53",
                "sha256:d4eccecf9adf6fbcc6861a38015c2a64f38b9d94838ac1810a9023a0609e1b78",
                "sha256:d67d839ede4ed1b28a4e8909735fc992a923cdb84e618544973d7dfc71540803",
                "sha256:daf496c58a8c52083df09b80c860005194014c3698698d1a57cbcfa182142a3a",
                "sha256:dbad0e9d368bb989f4515da330b88a057617d16b6a8245084f1b05400f24609f",
                "sha256:e61ceaab6f49fb8bdfaa0f92c4b57bcfbea54c09277b1b4f7ac376bfb7a7c174",
                "sha256:f84fbc98b019fef2ee9a1cb3ce93e3187a6df0b2538a651bfb890254ba9f90b5"
            ],
            "markers": "python_version >= '3.6'",
            "version": "==6.0"
        },
        "requests": {
            "hashes": [
                "sha256:7c5599b102feddaa661c826c56ab4fee28bfd17f5abca1ebbe3e7f19d7c97983",
                "sha256:8fefa2a1a1365bf5520aac41836fbee479da67864514bdb821f31ce07ce65349"
            ],
            "markers": "python_version >= '3.7' and python_version < '4'",
            "version": "==2.28.1"
        },
        "six": {
            "hashes": [
                "sha256:1e61c37477a1626458e36f7b1d82aa5c9b094fa4802892072e49de9c60c4c926",
                "sha256:8abb2f1d86890a2dfb989f9a77cfcfd3e47c2a354b01111771326f8aa26e0254"
            ],
            "markers": "python_version >= '2.7' and python_version not in '3.0, 3.1, 3.2, 3.3'",
            "version": "==1.16.0"
        },
        "solrq": {
            "hashes": [
                "sha256:7fa57431d8a26955be91733c999266ec204b6f28cbea0eb45d21e6d282b00ff8",
                "sha256:9ddd607ebb5f4521f925f10fcaae444f861c0a83862f47154efa8d14c173cc41"
            ],
            "version": "==1.1.2"
        },
        "urllib3": {
            "hashes": [
                "sha256:47cc05d99aaa09c9e72ed5809b60e7ba354e64b59c9c173ac3018642d8bb41fc",
                "sha256:c083dd0dce68dbfbe1129d5271cb90f9447dea7d52097c6e0126120c521ddea8"
            ],
            "markers": "python_version >= '2.7' and python_version not in '3.0, 3.1, 3.2, 3.3, 3.4, 3.5'",
            "version": "==1.26.13"
        },
        "validators": {
            "hashes": [
                "sha256:24148ce4e64100a2d5e267233e23e7afeb55316b47d30faae7eb6e7292bc226a"
            ],
            "markers": "python_version >= '3.4'",
            "version": "==0.20.0"
        },
        "wcwidth": {
            "hashes": [
                "sha256:beb4802a9cebb9144e99086eff703a642a13d6a0052920003a230f3294bbe784",
                "sha256:c4d647b99872929fdb7bdcaa4fbe7f01413ed3d98077df798530e5b04f116c83"
            ],
            "version": "==0.2.5"
        }
    },
    "develop": {
        "cachetools": {
            "hashes": [
                "sha256:6a94c6402995a99c3970cc7e4884bb60b4a8639938157eeed436098bf9831757",
                "sha256:f9f17d2aec496a9aa6b76f53e3b614c965223c061982d434d160f930c698a9db"
            ],
            "markers": "python_version ~= '3.7'",
            "version": "==5.2.0"
        },
        "cbapi": {
            "hashes": [
                "sha256:aa9406cff5a69079ad1939e2f5776f7330a2c441d5812f9d6e6f5cb2a6176171",
                "sha256:b52ca554f8bfa8fd711f648fd8dd4369cff69cbd1628078cd9a92124ef411528"
            ],
            "index": "pypi",
            "version": "==1.7.9"
        },
        "certifi": {
            "hashes": [
                "sha256:35824b4c3a97115964b408844d64aa14db1cc518f6562e8d7261699d1350a9e3",
                "sha256:4ad3232f5e926d6718ec31cfc1fcadfde020920e278684144551c91769c7bc18"
            ],
            "index": "pypi",
            "version": "==2022.12.7"
        },
        "charset-normalizer": {
            "hashes": [
                "sha256:5a3d016c7c547f69d6f81fb0db9449ce888b418b5b9952cc5e6e66843e9dd845",
                "sha256:83e9a75d1911279afd89352c68b45348559d1fc0506b054b346651b5e7fee29f"
            ],
            "markers": "python_version >= '3.6'",
            "version": "==2.1.1"
        },
        "decorator": {
            "hashes": [
                "sha256:637996211036b6385ef91435e4fae22989472f9d571faba8927ba8253acbc330",
                "sha256:b8c3f85900b9dc423225913c5aace94729fe1fa9763b38939a95226f02d37186"
            ],
            "markers": "python_version >= '3.5'",
            "version": "==5.1.1"
        },
        "idna": {
            "hashes": [
                "sha256:814f528e8dead7d329833b91c5faa87d60bf71824cd12a7530b5526063d02cb4",
                "sha256:90b77e79eaa3eba6de819a0c442c0b4ceefc341a7a2ab77d7562bf49f425c5c2"
            ],
            "markers": "python_version >= '3.5'",
            "version": "==3.4"
        },
        "pika": {
            "hashes": [
                "sha256:89f5e606646caebe3c00cbdbc4c2c609834adde45d7507311807b5775edac8e0",
                "sha256:beb19ff6dd1547f99a29acc2c6987ebb2ba7c44bf44a3f8e305877c5ef7d2fdc"
            ],
            "markers": "python_version >= '3.4'",
            "version": "==1.3.1"
        },
        "prompt-toolkit": {
            "hashes": [
                "sha256:3e163f254bef5a03b146397d7c1963bd3e2812f0964bb9a24e6ec761fd28db63",
                "sha256:aa64ad242a462c5ff0363a7b9cfe696c20d55d9fc60c11fd8e632d064804d305"
            ],
            "markers": "python_full_version >= '3.6.2'",
            "version": "==3.0.36"
        },
        "protobuf": {
            "hashes": [
                "sha256:25266bf373ee06d5d66f9eb1ec9d434b243dccce5c32faf151054cfa6f9dcbf1",
                "sha256:260e346927fd4e6fbb49ab545137b19610c24a1d853dc5f29ddf777ab1987211",
                "sha256:2c6a4d13732d9b094db31b3841986c38b17ac61a3fe05ee26a779d94c4c3fb43",
                "sha256:4922e3320ed70e81f05060822da36923d09fd9e04e17f411f2d8d8d0070f9f5c",
                "sha256:4b75c947289a2e9c1f37d21c593f1ef6fb4fed33977dfb2ac84f799eb29a8ff4",
                "sha256:4d01ef83517c181d60ea1c6d0b2f644be250ade740d6554a2f5a021b1ad622e3",
                "sha256:553e35c0878f6855e55f01a14561e6bce6df79b6636a5acf83b9d9ac7eab7922",
                "sha256:85ccb4753ee21de7dc81a7a68a051f25dbe133ffa01a639ac998427d0b223387",
                "sha256:a5a14b907a191319e7a58b38c583bbf50deb21e002f723a912c5e4f6969a778e",
                "sha256:a944dc9550baae276afc7dc8193191d4c2ad660270a1e5ed5a71539817ebe2e2",
                "sha256:bab4b21a986ded225b9392c07ce21c35d790951f51e1ebfd32e4d443b05c3726",
                "sha256:c3b9e329b4c247dc3ba5c50f60915a84e08278eb6d9e3fa674d0d04ff816bfd7",
                "sha256:d91a47c77b33580024b0271b65bb820c4e0264c25eb49151ad01e691de8fa0b6",
                "sha256:efb16b16fd3eef25357f84d516062753014b76279ce4e0ec4880badd2fba7370"
            ],
            "markers": "python_version >= '3.7'",
            "version": "==4.21.11"
        },
        "pygments": {
            "hashes": [
                "sha256:56a8508ae95f98e2b9bdf93a6be5ae3f7d8af858b43e02c5a2ff083726be40c1",
                "sha256:f643f331ab57ba3c9d89212ee4a2dabc6e94f117cf4eefde99a0574720d14c42"
            ],
            "markers": "python_version >= '3.6'",
            "version": "==2.13.0"
        },
        "python-dateutil": {
            "hashes": [
                "sha256:0123cacc1627ae19ddf3c27a5de5bd67ee4586fbdd6440d9748f8abb483d3e86",
                "sha256:961d03dc3453ebbc59dbdea9e4e11c5651520a876d0f4db161e8674aae935da9"
            ],
            "markers": "python_version >= '2.7' and python_version not in '3.0, 3.1, 3.2, 3.3'",
            "version": "==2.8.2"
        },
        "pyyaml": {
            "hashes": [
                "sha256:01b45c0191e6d66c470b6cf1b9531a771a83c1c4208272ead47a3ae4f2f603bf",
                "sha256:0283c35a6a9fbf047493e3a0ce8d79ef5030852c51e9d911a27badfde0605293",
                "sha256:055d937d65826939cb044fc8c9b08889e8c743fdc6a32b33e2390f66013e449b",
                "sha256:07751360502caac1c067a8132d150cf3d61339af5691fe9e87803040dbc5db57",
                "sha256:0b4624f379dab24d3725ffde76559cff63d9ec94e1736b556dacdfebe5ab6d4b",
                "sha256:0ce82d761c532fe4ec3f87fc45688bdd3a4c1dc5e0b4a19814b9009a29baefd4",
                "sha256:1e4747bc279b4f613a09eb64bba2ba602d8a6664c6ce6396a4d0cd413a50ce07",
                "sha256:213c60cd50106436cc818accf5baa1aba61c0189ff610f64f4a3e8c6726218ba",
                "sha256:231710d57adfd809ef5d34183b8ed1eeae3f76459c18fb4a0b373ad56bedcdd9",
                "sha256:277a0ef2981ca40581a47093e9e2d13b3f1fbbeffae064c1d21bfceba2030287",
                "sha256:2cd5df3de48857ed0544b34e2d40e9fac445930039f3cfe4bcc592a1f836d513",
                "sha256:40527857252b61eacd1d9af500c3337ba8deb8fc298940291486c465c8b46ec0",
                "sha256:432557aa2c09802be39460360ddffd48156e30721f5e8d917f01d31694216782",
                "sha256:473f9edb243cb1935ab5a084eb238d842fb8f404ed2193a915d1784b5a6b5fc0",
                "sha256:48c346915c114f5fdb3ead70312bd042a953a8ce5c7106d5bfb1a5254e47da92",
                "sha256:50602afada6d6cbfad699b0c7bb50d5ccffa7e46a3d738092afddc1f9758427f",
                "sha256:68fb519c14306fec9720a2a5b45bc9f0c8d1b9c72adf45c37baedfcd949c35a2",
                "sha256:77f396e6ef4c73fdc33a9157446466f1cff553d979bd00ecb64385760c6babdc",
                "sha256:81957921f441d50af23654aa6c5e5eaf9b06aba7f0a19c18a538dc7ef291c5a1",
                "sha256:819b3830a1543db06c4d4b865e70ded25be52a2e0631ccd2f6a47a2822f2fd7c",
                "sha256:897b80890765f037df3403d22bab41627ca8811ae55e9a722fd0392850ec4d86",
                "sha256:98c4d36e99714e55cfbaaee6dd5badbc9a1ec339ebfc3b1f52e293aee6bb71a4",
                "sha256:9df7ed3b3d2e0ecfe09e14741b857df43adb5a3ddadc919a2d94fbdf78fea53c",
                "sha256:9fa600030013c4de8165339db93d182b9431076eb98eb40ee068700c9c813e34",
                "sha256:a80a78046a72361de73f8f395f1f1e49f956c6be882eed58505a15f3e430962b",
                "sha256:afa17f5bc4d1b10afd4466fd3a44dc0e245382deca5b3c353d8b757f9e3ecb8d",
                "sha256:b3d267842bf12586ba6c734f89d1f5b871df0273157918b0ccefa29deb05c21c",
                "sha256:b5b9eccad747aabaaffbc6064800670f0c297e52c12754eb1d976c57e4f74dcb",
                "sha256:bfaef573a63ba8923503d27530362590ff4f576c626d86a9fed95822a8255fd7",
                "sha256:c5687b8d43cf58545ade1fe3e055f70eac7a5a1a0bf42824308d868289a95737",
                "sha256:cba8c411ef271aa037d7357a2bc8f9ee8b58b9965831d9e51baf703280dc73d3",
                "sha256:d15a181d1ecd0d4270dc32edb46f7cb7733c7c508857278d3d378d14d606db2d",
                "sha256:d4b0ba9512519522b118090257be113b9468d804b19d63c71dbcf4a48fa32358",
                "sha256:d4db7c7aef085872ef65a8fd7d6d09a14ae91f691dec3e87ee5ee0539d516f53",
                "sha256:d4eccecf9adf6fbcc6861a38015c2a64f38b9d94838ac1810a9023a0609e1b78",
                "sha256:d67d839ede4ed1b28a4e8909735fc992a923cdb84e618544973d7dfc71540803",
                "sha256:daf496c58a8c52083df09b80c860005194014c3698698d1a57cbcfa182142a3a",
                "sha256:dbad0e9d368bb989f4515da330b88a057617d16b6a8245084f1b05400f24609f",
                "sha256:e61ceaab6f49fb8bdfaa0f92c4b57bcfbea54c09277b1b4f7ac376bfb7a7c174",
                "sha256:f84fbc98b019fef2ee9a1cb3ce93e3187a6df0b2538a651bfb890254ba9f90b5"
            ],
            "markers": "python_version >= '3.6'",
            "version": "==6.0"
        },
        "requests": {
            "hashes": [
                "sha256:7c5599b102feddaa661c826c56ab4fee28bfd17f5abca1ebbe3e7f19d7c97983",
                "sha256:8fefa2a1a1365bf5520aac41836fbee479da67864514bdb821f31ce07ce65349"
            ],
            "markers": "python_version >= '3.7' and python_version < '4'",
            "version": "==2.28.1"
        },
        "six": {
            "hashes": [
                "sha256:1e61c37477a1626458e36f7b1d82aa5c9b094fa4802892072e49de9c60c4c926",
                "sha256:8abb2f1d86890a2dfb989f9a77cfcfd3e47c2a354b01111771326f8aa26e0254"
            ],
            "markers": "python_version >= '2.7' and python_version not in '3.0, 3.1, 3.2, 3.3'",
            "version": "==1.16.0"
        },
        "solrq": {
            "hashes": [
                "sha256:7fa57431d8a26955be91733c999266ec204b6f28cbea0eb45d21e6d282b00ff8",
                "sha256:9ddd607ebb5f4521f925f10fcaae444f861c0a83862f47154efa8d14c173cc41"
            ],
            "version": "==1.1.2"
        },
        "urllib3": {
            "hashes": [
                "sha256:47cc05d99aaa09c9e72ed5809b60e7ba354e64b59c9c173ac3018642d8bb41fc",
                "sha256:c083dd0dce68dbfbe1129d5271cb90f9447dea7d52097c6e0126120c521ddea8"
            ],
            "markers": "python_version >= '2.7' and python_version not in '3.0, 3.1, 3.2, 3.3, 3.4, 3.5'",
            "version": "==1.26.13"
        },
        "validators": {
            "hashes": [
                "sha256:24148ce4e64100a2d5e267233e23e7afeb55316b47d30faae7eb6e7292bc226a"
            ],
            "markers": "python_version >= '3.4'",
            "version": "==0.20.0"
        },
        "wcwidth": {
            "hashes": [
                "sha256:beb4802a9cebb9144e99086eff703a642a13d6a0052920003a230f3294bbe784",
                "sha256:c4d647b99872929fdb7bdcaa4fbe7f01413ed3d98077df798530e5b04f116c83"
            ],
            "version": "==0.2.5"
        }
    }
}
